
Microsoft Visual Studio Solution File, Format Version 12.00
# Visual Studio 15
VisualStudioVersion = 15.0.28010.2026
MinimumVisualStudioVersion = 10.0.40219.1
Project("{FAE04EC0-301F-11D3-BF4B-00C04F79EFBC}") = "ch5", "ch5\ch5.csproj", "{65C3F8EB-CC58-4733-BDA8-AB462F3FADE0}"
EndProject
Project("{FAE04EC0-301F-11D3-BF4B-00C04F79EFBC}") = "ch5_2", "ch5_2\ch5_2.csproj", "{1FF8D55B-733A-4DD6-8BB9-08FF3D029F0C}"
EndProject
Project("{FAE04EC0-301F-11D3-BF4B-00C04F79EFBC}") = "ch5_3", "ch5_3\ch5_3.csproj", "{0EE908CE-46B8-4C2B-9B6B-160A83F13995}"
EndProject
Project("{FAE04EC0-301F-11D3-BF4B-00C04F79EFBC}") = "ch5_4", "ch5_4\ch5_4.csproj", "{C941B869-12EE-4BDB-98EB-52D437EE0DC5}"
EndProject
Project("{FAE04EC0-301F-11D3-BF4B-00C04F79EFBC}") = "ch5_5", "ch5_5\ch5_5.csproj", "{C6A432BE-8DD4-4090-86F7-DD44443D67FC}"
EndProject
Global
	GlobalSection(SolutionConfigurationPlatforms) = preSolution
		Debug|Any CPU = Debug|Any CPU
		Release|Any CPU = Release|Any CPU
	EndGlobalSection
	GlobalSection(ProjectConfigurationPlatforms) = postSolution
		{65C3F8EB-CC58-4733-BDA8-AB462F3FADE0}.Debug|Any CPU.ActiveCfg = Debug|Any CPU
		{65C3F8EB-CC58-4733-BDA8-AB462F3FADE0}.Debug|Any CPU.Build.0 = Debug|Any CPU
		{65C3F8EB-CC58-4733-BDA8-AB462F3FADE0}.Release|Any CPU.ActiveCfg = Release|Any CPU
		{65C3F8EB-CC58-4733-BDA8-AB462F3FADE0}.Release|Any CPU.Build.0 = Release|Any CPU
		{1FF8D55B-733A-4DD6-8BB9-08FF3D029F0C}.Debug|Any CPU.ActiveCfg = Debug|Any CPU
		{1FF8D55B-733A-4DD6-8BB9-08FF3D029F0C}.Debug|Any CPU.Build.0 = Debug|Any CPU
		{1FF8D55B-733A-4DD6-8BB9-08FF3D029F0C}.Release|Any CPU.ActiveCfg = Release|Any CPU
		{1FF8D55B-733A-4DD6-8BB9-08FF3D029F0C}.Release|Any CPU.Build.0 = Release|Any CPU
		{0EE908CE-46B8-4C2B-9B6B-160A83F13995}.Debug|Any CPU.ActiveCfg = Debug|Any CPU
		{0EE908CE-46B8-4C2B-9B6B-160A83F13995}.Debug|Any CPU.Build.0 = Debug|Any CPU
		{0EE908CE-46B8-4C2B-9B6B-160A83F13995}.Release|Any CPU.ActiveCfg = Release|Any CPU
		{0EE908CE-46B8-4C2B-9B6B-160A83F13995}.Release|Any CPU.Build.0 = Release|Any CPU
		{C941B869-12EE-4BDB-98EB-52D437EE0DC5}.Debug|Any CPU.ActiveCfg = Debug|Any CPU
		{C941B869-12EE-4BDB-98EB-52D437EE0DC5}.Debug|Any CPU.Build.0 = Debug|Any CPU
		{C941B869-12EE-4BDB-98EB-52D437EE0DC5}.Release|Any CPU.ActiveCfg = Release|Any CPU
		{C941B869-12EE-4BDB-98EB-52D437EE0DC5}.Release|Any CPU.Build.0 = Release|Any CPU
		{C6A432BE-8DD4-4090-86F7-DD44443D67FC}.Debug|Any CPU.ActiveCfg = Debug|Any CPU
		{C6A432BE-8DD4-4090-86F7-DD44443D67FC}.Debug|Any CPU.Build.0 = Debug|Any CPU
		{C6A432BE-8DD4-4090-86F7-DD44443D67FC}.Release|Any CPU.ActiveCfg = Release|Any CPU
		{C6A432BE-8DD4-4090-86F7-DD44443D67FC}.Release|Any CPU.Build.0 = Release|Any CPU
	EndGlobalSection
	GlobalSection(SolutionProperties) = preSolution
		HideSolutionNode = FALSE
	EndGlobalSection
	GlobalSection(ExtensibilityGlobals) = postSolution
		SolutionGuid = {1D968575-79AC-454E-844A-4FB2DFC15B11}
	EndGlobalSection
EndGlobal
