
Microsoft Visual Studio Solution File, Format Version 12.00
# Visual Studio 2012
Project("{FAE04EC0-301F-11D3-BF4B-00C04F79EFBC}") = "ch01_2", "ch01_2\ch01_2.csproj", "{2C665294-512B-4C90-9A8F-BB7F635500B2}"
EndProject
Global
	GlobalSection(SolutionConfigurationPlatforms) = preSolution
		Debug|Any CPU = Debug|Any CPU
		Release|Any CPU = Release|Any CPU
	EndGlobalSection
	GlobalSection(ProjectConfigurationPlatforms) = postSolution
		{2C665294-512B-4C90-9A8F-BB7F635500B2}.Debug|Any CPU.ActiveCfg = Debug|Any CPU
		{2C665294-512B-4C90-9A8F-BB7F635500B2}.Debug|Any CPU.Build.0 = Debug|Any CPU
		{2C665294-512B-4C90-9A8F-BB7F635500B2}.Release|Any CPU.ActiveCfg = Release|Any CPU
		{2C665294-512B-4C90-9A8F-BB7F635500B2}.Release|Any CPU.Build.0 = Release|Any CPU
	EndGlobalSection
	GlobalSection(SolutionProperties) = preSolution
		HideSolutionNode = FALSE
	EndGlobalSection
EndGlobal
